
Microsoft Visual Studio Solution File, Format Version 12.00
# Visual Studio Version 16
VisualStudioVersion = 16.0.810.11
MinimumVisualStudioVersion = 10.0.40219.1
Project("{FAE04EC0-301F-11D3-BF4B-00C04F79EFBC}") = "IOKitSample", "IOKitSample\IOKitSample.csproj", "{3229D7E7-F720-4E9E-B60E-B029F34EBAE3}"
EndProject
Global
	GlobalSection(SolutionConfigurationPlatforms) = preSolution
		Debug|Any CPU = Debug|Any CPU
		Release|Any CPU = Release|Any CPU
	EndGlobalSection
	GlobalSection(ProjectConfigurationPlatforms) = postSolution
		{3229D7E7-F720-4E9E-B60E-B029F34EBAE3}.Debug|Any CPU.ActiveCfg = Debug|Any CPU
		{3229D7E7-F720-4E9E-B60E-B029F34EBAE3}.Debug|Any CPU.Build.0 = Debug|Any CPU
		{3229D7E7-F720-4E9E-B60E-B029F34EBAE3}.Release|Any CPU.ActiveCfg = Release|Any CPU
		{3229D7E7-F720-4E9E-B60E-B029F34EBAE3}.Release|Any CPU.Build.0 = Release|Any CPU
	EndGlobalSection
	GlobalSection(SolutionProperties) = preSolution
		HideSolutionNode = FALSE
	EndGlobalSection
	GlobalSection(ExtensibilityGlobals) = postSolution
		SolutionGuid = {B903DEB8-550D-43C2-BE58-191F29E1725B}
	EndGlobalSection
EndGlobal
